
Microsoft Visual Studio Solution File, Format Version 12.00
# Visual Studio Version 16
VisualStudioVersion = 16.0.30523.141
MinimumVisualStudioVersion = 10.0.40219.1
Project("{8BC9CEB8-8B4A-11D0-8D11-00A0C91BC942}") = "Project2.6", "Project2.6\Project2.6.vcxproj", "{8534F281-8D4A-4FFC-A0BF-63EF67268959}"
EndProject
Project("{8BC9CEB8-8B4A-11D0-8D11-00A0C91BC942}") = "UnitTest2.6", "UnitTest2.6\UnitTest2.6.vcxproj", "{14ED7E14-EB0C-4ECA-BCFD-609F5D70485E}"
EndProject
Global
	GlobalSection(SolutionConfigurationPlatforms) = preSolution
		Debug|x64 = Debug|x64
		Debug|x86 = Debug|x86
		Release|x64 = Release|x64
		Release|x86 = Release|x86
	EndGlobalSection
	GlobalSection(ProjectConfigurationPlatforms) = postSolution
		{8534F281-8D4A-4FFC-A0BF-63EF67268959}.Debug|x64.ActiveCfg = Debug|x64
		{8534F281-8D4A-4FFC-A0BF-63EF67268959}.Debug|x64.Build.0 = Debug|x64
		{8534F281-8D4A-4FFC-A0BF-63EF67268959}.Debug|x86.ActiveCfg = Debug|Win32
		{8534F281-8D4A-4FFC-A0BF-63EF67268959}.Debug|x86.Build.0 = Debug|Win32
		{8534F281-8D4A-4FFC-A0BF-63EF67268959}.Release|x64.ActiveCfg = Release|x64
		{8534F281-8D4A-4FFC-A0BF-63EF67268959}.Release|x64.Build.0 = Release|x64
		{8534F281-8D4A-4FFC-A0BF-63EF67268959}.Release|x86.ActiveCfg = Release|Win32
		{8534F281-8D4A-4FFC-A0BF-63EF67268959}.Release|x86.Build.0 = Release|Win32
		{14ED7E14-EB0C-4ECA-BCFD-609F5D70485E}.Debug|x64.ActiveCfg = Debug|x64
		{14ED7E14-EB0C-4ECA-BCFD-609F5D70485E}.Debug|x64.Build.0 = Debug|x64
		{14ED7E14-EB0C-4ECA-BCFD-609F5D70485E}.Debug|x86.ActiveCfg = Debug|Win32
		{14ED7E14-EB0C-4ECA-BCFD-609F5D70485E}.Debug|x86.Build.0 = Debug|Win32
		{14ED7E14-EB0C-4ECA-BCFD-609F5D70485E}.Release|x64.ActiveCfg = Release|x64
		{14ED7E14-EB0C-4ECA-BCFD-609F5D70485E}.Release|x64.Build.0 = Release|x64
		{14ED7E14-EB0C-4ECA-BCFD-609F5D70485E}.Release|x86.ActiveCfg = Release|Win32
		{14ED7E14-EB0C-4ECA-BCFD-609F5D70485E}.Release|x86.Build.0 = Release|Win32
	EndGlobalSection
	GlobalSection(SolutionProperties) = preSolution
		HideSolutionNode = FALSE
	EndGlobalSection
	GlobalSection(ExtensibilityGlobals) = postSolution
		SolutionGuid = {2685FEFE-312E-4A0D-B8D5-42F59F7FFED4}
	EndGlobalSection
EndGlobal
